
Microsoft Visual Studio Solution File, Format Version 12.00
# Visual Studio Version 17
VisualStudioVersion = 17.0.31903.59
MinimumVisualStudioVersion = 10.0.40219.1
Project("{FAE04EC0-301F-11D3-BF4B-00C04F79EFBC}") = "vendingmachine", "vendingmachine\vendingmachine.csproj", "{6AD6FF3C-53DE-4893-8A79-BDF324818B76}"
EndProject
Project("{FAE04EC0-301F-11D3-BF4B-00C04F79EFBC}") = "vendingmachine.Tests", "vendingmachine.Tests\vendingmachine.Tests.csproj", "{576C4C5C-E637-4500-B236-290B5E6D4818}"
EndProject
Project("{FAE04EC0-301F-11D3-BF4B-00C04F79EFBC}") = "CourseManagementSystem", "CourseManagementSystem\CourseManagementSystem.csproj", "{E9842F02-7798-4BAE-8DA6-6C4A82A2C417}"
EndProject
Project("{FAE04EC0-301F-11D3-BF4B-00C04F79EFBC}") = "CourseManagementSystem.Tests", "CourseManagementSystem.Tests\CourseManagementSystem.Tests.csproj", "{2BA3A982-DD8C-4E2F-AA2E-90160AAC0927}"
EndProject
Project("{FAE04EC0-301F-11D3-BF4B-00C04F79EFBC}") = "RpgInventorySystem", "RpgInventorySystem\RpgInventorySystem.csproj", "{01E9776F-A7BE-46EE-A94F-9DB010E98CE5}"
EndProject
Project("{FAE04EC0-301F-11D3-BF4B-00C04F79EFBC}") = "RpgInventorySystem.Tests", "RpgInventorySystem.Tests\RpgInventorySystem.Tests.csproj", "{44C23C73-1515-4BC2-BE3A-D2B7F20B63A3}"
EndProject
Global
	GlobalSection(SolutionConfigurationPlatforms) = preSolution
		Debug|Any CPU = Debug|Any CPU
		Debug|x64 = Debug|x64
		Debug|x86 = Debug|x86
		Release|Any CPU = Release|Any CPU
		Release|x64 = Release|x64
		Release|x86 = Release|x86
	EndGlobalSection
	GlobalSection(ProjectConfigurationPlatforms) = postSolution
		{6AD6FF3C-53DE-4893-8A79-BDF324818B76}.Debug|Any CPU.ActiveCfg = Debug|Any CPU
		{6AD6FF3C-53DE-4893-8A79-BDF324818B76}.Debug|Any CPU.Build.0 = Debug|Any CPU
		{6AD6FF3C-53DE-4893-8A79-BDF324818B76}.Debug|x64.ActiveCfg = Debug|Any CPU
		{6AD6FF3C-53DE-4893-8A79-BDF324818B76}.Debug|x64.Build.0 = Debug|Any CPU
		{6AD6FF3C-53DE-4893-8A79-BDF324818B76}.Debug|x86.ActiveCfg = Debug|Any CPU
		{6AD6FF3C-53DE-4893-8A79-BDF324818B76}.Debug|x86.Build.0 = Debug|Any CPU
		{6AD6FF3C-53DE-4893-8A79-BDF324818B76}.Release|Any CPU.ActiveCfg = Release|Any CPU
		{6AD6FF3C-53DE-4893-8A79-BDF324818B76}.Release|Any CPU.Build.0 = Release|Any CPU
		{6AD6FF3C-53DE-4893-8A79-BDF324818B76}.Release|x64.ActiveCfg = Release|Any CPU
		{6AD6FF3C-53DE-4893-8A79-BDF324818B76}.Release|x64.Build.0 = Release|Any CPU
		{6AD6FF3C-53DE-4893-8A79-BDF324818B76}.Release|x86.ActiveCfg = Release|Any CPU
		{6AD6FF3C-53DE-4893-8A79-BDF324818B76}.Release|x86.Build.0 = Release|Any CPU
		{576C4C5C-E637-4500-B236-290B5E6D4818}.Debug|Any CPU.ActiveCfg = Debug|Any CPU
		{576C4C5C-E637-4500-B236-290B5E6D4818}.Debug|Any CPU.Build.0 = Debug|Any CPU
		{576C4C5C-E637-4500-B236-290B5E6D4818}.Debug|x64.ActiveCfg = Debug|Any CPU
		{576C4C5C-E637-4500-B236-290B5E6D4818}.Debug|x64.Build.0 = Debug|Any CPU
		{576C4C5C-E637-4500-B236-290B5E6D4818}.Debug|x86.ActiveCfg = Debug|Any CPU
		{576C4C5C-E637-4500-B236-290B5E6D4818}.Debug|x86.Build.0 = Debug|Any CPU
		{576C4C5C-E637-4500-B236-290B5E6D4818}.Release|Any CPU.ActiveCfg = Release|Any CPU
		{576C4C5C-E637-4500-B236-290B5E6D4818}.Release|Any CPU.Build.0 = Release|Any CPU
		{576C4C5C-E637-4500-B236-290B5E6D4818}.Release|x64.ActiveCfg = Release|Any CPU
		{576C4C5C-E637-4500-B236-290B5E6D4818}.Release|x64.Build.0 = Release|Any CPU
		{576C4C5C-E637-4500-B236-290B5E6D4818}.Release|x86.ActiveCfg = Release|Any CPU
		{576C4C5C-E637-4500-B236-290B5E6D4818}.Release|x86.Build.0 = Release|Any CPU
		{E9842F02-7798-4BAE-8DA6-6C4A82A2C417}.Debug|Any CPU.ActiveCfg = Debug|Any CPU
		{E9842F02-7798-4BAE-8DA6-6C4A82A2C417}.Debug|Any CPU.Build.0 = Debug|Any CPU
		{E9842F02-7798-4BAE-8DA6-6C4A82A2C417}.Debug|x64.ActiveCfg = Debug|Any CPU
		{E9842F02-7798-4BAE-8DA6-6C4A82A2C417}.Debug|x64.Build.0 = Debug|Any CPU
		{E9842F02-7798-4BAE-8DA6-6C4A82A2C417}.Debug|x86.ActiveCfg = Debug|Any CPU
		{E9842F02-7798-4BAE-8DA6-6C4A82A2C417}.Debug|x86.Build.0 = Debug|Any CPU
		{E9842F02-7798-4BAE-8DA6-6C4A82A2C417}.Release|Any CPU.ActiveCfg = Release|Any CPU
		{E9842F02-7798-4BAE-8DA6-6C4A82A2C417}.Release|Any CPU.Build.0 = Release|Any CPU
		{E9842F02-7798-4BAE-8DA6-6C4A82A2C417}.Release|x64.ActiveCfg = Release|Any CPU
		{E9842F02-7798-4BAE-8DA6-6C4A82A2C417}.Release|x64.Build.0 = Release|Any CPU
		{E9842F02-7798-4BAE-8DA6-6C4A82A2C417}.Release|x86.ActiveCfg = Release|Any CPU
		{E9842F02-7798-4BAE-8DA6-6C4A82A2C417}.Release|x86.Build.0 = Release|Any CPU
		{2BA3A982-DD8C-4E2F-AA2E-90160AAC0927}.Debug|Any CPU.ActiveCfg = Debug|Any CPU
		{2BA3A982-DD8C-4E2F-AA2E-90160AAC0927}.Debug|Any CPU.Build.0 = Debug|Any CPU
		{2BA3A982-DD8C-4E2F-AA2E-90160AAC0927}.Debug|x64.ActiveCfg = Debug|Any CPU
		{2BA3A982-DD8C-4E2F-AA2E-90160AAC0927}.Debug|x64.Build.0 = Debug|Any CPU
		{2BA3A982-DD8C-4E2F-AA2E-90160AAC0927}.Debug|x86.ActiveCfg = Debug|Any CPU
		{2BA3A982-DD8C-4E2F-AA2E-90160AAC0927}.Debug|x86.Build.0 = Debug|Any CPU
		{2BA3A982-DD8C-4E2F-AA2E-90160AAC0927}.Release|Any CPU.ActiveCfg = Release|Any CPU
		{2BA3A982-DD8C-4E2F-AA2E-90160AAC0927}.Release|Any CPU.Build.0 = Release|Any CPU
		{2BA3A982-DD8C-4E2F-AA2E-90160AAC0927}.Release|x64.ActiveCfg = Release|Any CPU
		{2BA3A982-DD8C-4E2F-AA2E-90160AAC0927}.Release|x64.Build.0 = Release|Any CPU
		{2BA3A982-DD8C-4E2F-AA2E-90160AAC0927}.Release|x86.ActiveCfg = Release|Any CPU
		{2BA3A982-DD8C-4E2F-AA2E-90160AAC0927}.Release|x86.Build.0 = Release|Any CPU
		{01E9776F-A7BE-46EE-A94F-9DB010E98CE5}.Debug|Any CPU.ActiveCfg = Debug|Any CPU
		{01E9776F-A7BE-46EE-A94F-9DB010E98CE5}.Debug|Any CPU.Build.0 = Debug|Any CPU
		{01E9776F-A7BE-46EE-A94F-9DB010E98CE5}.Debug|x64.ActiveCfg = Debug|Any CPU
		{01E9776F-A7BE-46EE-A94F-9DB010E98CE5}.Debug|x64.Build.0 = Debug|Any CPU
		{01E9776F-A7BE-46EE-A94F-9DB010E98CE5}.Debug|x86.ActiveCfg = Debug|Any CPU
		{01E9776F-A7BE-46EE-A94F-9DB010E98CE5}.Debug|x86.Build.0 = Debug|Any CPU
		{01E9776F-A7BE-46EE-A94F-9DB010E98CE5}.Release|Any CPU.ActiveCfg = Release|Any CPU
		{01E9776F-A7BE-46EE-A94F-9DB010E98CE5}.Release|Any CPU.Build.0 = Release|Any CPU
		{01E9776F-A7BE-46EE-A94F-9DB010E98CE5}.Release|x64.ActiveCfg = Release|Any CPU
		{01E9776F-A7BE-46EE-A94F-9DB010E98CE5}.Release|x64.Build.0 = Release|Any CPU
		{01E9776F-A7BE-46EE-A94F-9DB010E98CE5}.Release|x86.ActiveCfg = Release|Any CPU
		{01E9776F-A7BE-46EE-A94F-9DB010E98CE5}.Release|x86.Build.0 = Release|Any CPU
		{44C23C73-1515-4BC2-BE3A-D2B7F20B63A3}.Debug|Any CPU.ActiveCfg = Debug|Any CPU
		{44C23C73-1515-4BC2-BE3A-D2B7F20B63A3}.Debug|Any CPU.Build.0 = Debug|Any CPU
		{44C23C73-1515-4BC2-BE3A-D2B7F20B63A3}.Debug|x64.ActiveCfg = Debug|Any CPU
		{44C23C73-1515-4BC2-BE3A-D2B7F20B63A3}.Debug|x64.Build.0 = Debug|Any CPU
		{44C23C73-1515-4BC2-BE3A-D2B7F20B63A3}.Debug|x86.ActiveCfg = Debug|Any CPU
		{44C23C73-1515-4BC2-BE3A-D2B7F20B63A3}.Debug|x86.Build.0 = Debug|Any CPU
		{44C23C73-1515-4BC2-BE3A-D2B7F20B63A3}.Release|Any CPU.ActiveCfg = Release|Any CPU
		{44C23C73-1515-4BC2-BE3A-D2B7F20B63A3}.Release|Any CPU.Build.0 = Release|Any CPU
		{44C23C73-1515-4BC2-BE3A-D2B7F20B63A3}.Release|x64.ActiveCfg = Release|Any CPU
		{44C23C73-1515-4BC2-BE3A-D2B7F20B63A3}.Release|x64.Build.0 = Release|Any CPU
		{44C23C73-1515-4BC2-BE3A-D2B7F20B63A3}.Release|x86.ActiveCfg = Release|Any CPU
		{44C23C73-1515-4BC2-BE3A-D2B7F20B63A3}.Release|x86.Build.0 = Release|Any CPU
	EndGlobalSection
	GlobalSection(SolutionProperties) = preSolution
		HideSolutionNode = FALSE
	EndGlobalSection
EndGlobal
